<Solution>
  <Project Path="BinaryTreeLibrary/BinaryTreeLibrary.csproj" />
  <Project Path="DataStructuresLibraries/LinkedListLibrary.csproj" />
  <Project Path="GlobalTesting/GlobalTesting.csproj" />
  <Project Path="HashTablesProj/HashTablesProj.csproj" />
  <Project Path="MyBubbleSortProj/MyBubbleSortProj.csproj" Id="cb257f3c-f296-43db-8b06-d49642db473a" />
  <Project Path="MyInsertionSortProj/MyInsertionSortProj.csproj" Id="f6a1d772-2938-4d8e-9d60-d96137404fd4" />
  <Project Path="MyMergeSortProj/MyMergeSortProj.csproj" Id="af88a2fa-a837-4fb5-80f0-51027d558188" />
  <Project Path="MyPriortyQueue/MyPriortyQueueLibrary.csproj" Id="dd987de4-e5e2-416f-9c54-d10aab5968c3" />
  <Project Path="MySelectionSortProj/MySelectionSortProj.csproj" Id="75df149b-c898-4617-aabd-843b677e53ce" />
  <Project Path="PostfixCalculator/PostfixCalculator.csproj" />
  <Project Path="QueueLibrary/QueueLibrary.csproj" />
  <Project Path="SetLib/SetLib.csproj" Id="9de45cad-3875-4078-8321-c19cf5c89924" />
  <Project Path="StackArrayLibrary/StackArrayLibrary.csproj" />
  <Project Path="StackLib/StackLibrary.csproj" />
  <Project Path="WpfSet/WpfSet.csproj" Id="aef0bbdb-497b-49df-b658-d3547089cdb8" />
</Solution>
